
Microsoft Visual Studio Solution File, Format Version 12.00
# Visual Studio Version 16
VisualStudioVersion = 16.0.30011.22
MinimumVisualStudioVersion = 10.0.40219.1
Project("{FAE04EC0-301F-11D3-BF4B-00C04F79EFBC}") = "UnityToTrailsGPUProxyCommunicator", "UnityToTrailsGPUProxyCommunicator.csproj", "{CA993A79-FD15-4786-8C36-69DF1D70230E}"
EndProject
Global
	GlobalSection(SolutionConfigurationPlatforms) = preSolution
		Debug|Any CPU = Debug|Any CPU
		Release|Any CPU = Release|Any CPU
	EndGlobalSection
	GlobalSection(ProjectConfigurationPlatforms) = postSolution
		{CA993A79-FD15-4786-8C36-69DF1D70230E}.Debug|Any CPU.ActiveCfg = Debug|Any CPU
		{CA993A79-FD15-4786-8C36-69DF1D70230E}.Debug|Any CPU.Build.0 = Debug|Any CPU
		{CA993A79-FD15-4786-8C36-69DF1D70230E}.Release|Any CPU.ActiveCfg = Release|Any CPU
		{CA993A79-FD15-4786-8C36-69DF1D70230E}.Release|Any CPU.Build.0 = Release|Any CPU
	EndGlobalSection
	GlobalSection(SolutionProperties) = preSolution
		HideSolutionNode = FALSE
	EndGlobalSection
	GlobalSection(ExtensibilityGlobals) = postSolution
		SolutionGuid = {79485D4D-E981-450F-8089-4898352399CA}
	EndGlobalSection
EndGlobal
