<?xml version="1.0" encoding="utf-8"?>
<Project ToolsVersion="4.0" xmlns="http://schemas.microsoft.com/developer/msbuild/2003">
  <ItemGroup>
    <ClCompile Include="TrailsGPUProxy.cpp" />
    <ClCompile Include="IsolatedAttractorsException.cpp">
      <Filter>Exceptions</Filter>
    </ClCompile>
    <ClCompile Include="CudaException.cpp">
      <Filter>Exceptions</Filter>
    </ClCompile>
    <ClCompile Include="ResourceManager.cpp">
      <Filter>ResourceManagement</Filter>
    </ClCompile>
    <ClCompile Include="EdgesWeights.cpp">
      <Filter>Data\Edges</Filter>
    </ClCompile>
    <ClCompile Include="TramplabilityMask.cpp">
      <Filter>Data\Edges</Filter>
    </ClCompile>
    <ClCompile Include="Attractor.cpp">
      <Filter>Data\Attractors</Filter>
    </ClCompile>
    <ClCompile Include="AttractorsMap.cpp">
      <Filter>Data\Attractors</Filter>
    </ClCompile>
    <ClCompile Include="WavefrontJobsFactory.cpp">
      <Filter>Algorithms</Filter>
    </ClCompile>
    <ClCompile Include="WavefrontJob.cpp">
      <Filter>Algorithms</Filter>
    </ClCompile>
    <ClCompile Include="ComputeNodesHost.cpp">
      <Filter>Data\Nodes</Filter>
    </ClCompile>
    <ClCompile Include="WavefrontCompletenessTable.cpp">
      <Filter>Algorithms</Filter>
    </ClCompile>
    <ClCompile Include="CudaExceptionNative.cpp">
      <Filter>Exceptions</Filter>
    </ClCompile>
    <ClCompile Include="ThreadPool.cpp">
      <Filter>Threading</Filter>
    </ClCompile>
    <ClCompile Include="PathReconstructor.cpp">
      <Filter>Algorithms</Filter>
    </ClCompile>
    <ClCompile Include="ExitFlag.cpp">
      <Filter>Data</Filter>
    </ClCompile>
    <ClCompile Include="ComputationThread.cpp" />
    <ClCompile Include="PathThickener.cpp">
      <Filter>Algorithms</Filter>
    </ClCompile>
    <ClCompile Include="NodesApplyTramplingKernel.cu">
      <Filter>CudaKernels</Filter>
    </ClCompile>
    <ClCompile Include="NodesTramplingEffect.cpp">
      <Filter>Algorithms</Filter>
    </ClCompile>
    <ClCompile Include="SaveNodesTramplingAsEdgesKernel.cu">
      <Filter>CudaKernels</Filter>
    </ClCompile>
  </ItemGroup>
  <ItemGroup>
    <ClInclude Include="CudaUtils.h" />
    <ClInclude Include="TrailsGPUProxy.h" />
    <ClInclude Include="IsolatedAttractorsException.h">
      <Filter>Exceptions</Filter>
    </ClInclude>
    <ClInclude Include="CudaException.h">
      <Filter>Exceptions</Filter>
    </ClInclude>
    <ClInclude Include="IResource.h">
      <Filter>ResourceManagement</Filter>
    </ClInclude>
    <ClInclude Include="ResourceManager.h">
      <Filter>ResourceManagement</Filter>
    </ClInclude>
    <ClInclude Include="EdgesData.h">
      <Filter>Data\Edges</Filter>
    </ClInclude>
    <ClInclude Include="EdgesWeights.h">
      <Filter>Data\Edges</Filter>
    </ClInclude>
    <ClInclude Include="TramplabilityMask.h">
      <Filter>Data\Edges</Filter>
    </ClInclude>
    <ClInclude Include="Attractor.h">
      <Filter>Data\Attractors</Filter>
    </ClInclude>
    <ClInclude Include="AttractorsMap.h">
      <Filter>Data\Attractors</Filter>
    </ClInclude>
    <ClInclude Include="ComputeNode.h">
      <Filter>Data\Nodes</Filter>
    </ClInclude>
    <ClInclude Include="ComputeNodesPair.h">
      <Filter>Data\Nodes</Filter>
    </ClInclude>
    <ClInclude Include="WavefrontJobsFactory.h">
      <Filter>Algorithms</Filter>
    </ClInclude>
    <ClInclude Include="WavefrontJob.h">
      <Filter>Algorithms</Filter>
    </ClInclude>
    <ClInclude Include="ComputeNodesHost.h">
      <Filter>Data\Nodes</Filter>
    </ClInclude>
    <ClInclude Include="ResetNodesG.h">
      <Filter>CudaKernels</Filter>
    </ClInclude>
    <ClInclude Include="MathUtils.h" />
    <ClInclude Include="WavefrontCompletenessTable.h">
      <Filter>Algorithms</Filter>
    </ClInclude>
    <ClInclude Include="CudaExceptionNative.h">
      <Filter>Exceptions</Filter>
    </ClInclude>
    <ClInclude Include="CudaScheduler.h">
      <Filter>Threading</Filter>
    </ClInclude>
    <ClInclude Include="ThreadPool.h">
      <Filter>Threading</Filter>
    </ClInclude>
    <ClInclude Include="PathReconstructor.h">
      <Filter>Algorithms</Filter>
    </ClInclude>
    <ClInclude Include="ExitFlag.h">
      <Filter>Data</Filter>
    </ClInclude>
    <ClInclude Include="WavefrontPathFinding.h">
      <Filter>CudaKernels</Filter>
    </ClInclude>
    <ClInclude Include="NodesDataHaloed.h">
      <Filter>Data\Nodes</Filter>
    </ClInclude>
    <ClInclude Include="ComputationThread.h" />
    <ClInclude Include="ObjectPool.h">
      <Filter>ResourceManagement</Filter>
    </ClInclude>
    <ClInclude Include="PathThickener.h">
      <Filter>Algorithms</Filter>
    </ClInclude>
    <ClInclude Include="NodesDataDevicePair.h">
      <Filter>Data\Nodes</Filter>
    </ClInclude>
    <ClInclude Include="NodeIndex.h">
      <Filter>Data\Nodes</Filter>
    </ClInclude>
    <ClInclude Include="PathThickeningKernel.h">
      <Filter>CudaKernels</Filter>
    </ClInclude>
    <ClInclude Include="Constants.h" />
    <ClInclude Include="NodesApplyTramplingKernel.h">
      <Filter>CudaKernels</Filter>
    </ClInclude>
    <ClInclude Include="NodesTramplingEffect.h">
      <Filter>Algorithms</Filter>
    </ClInclude>
    <ClInclude Include="SaveNodesTramplingAsEdgesKernel.h">
      <Filter>CudaKernels</Filter>
    </ClInclude>
  </ItemGroup>
  <ItemGroup>
    <Filter Include="Exceptions">
      <UniqueIdentifier>{bf50e2a2-fc07-4c1b-9451-c54112e405d2}</UniqueIdentifier>
    </Filter>
    <Filter Include="ResourceManagement">
      <UniqueIdentifier>{feb837a7-c6fc-4da7-b39a-cc1348455218}</UniqueIdentifier>
    </Filter>
    <Filter Include="CudaKernels">
      <UniqueIdentifier>{e6e27c5e-6b74-45ac-a778-3bc862b867b5}</UniqueIdentifier>
    </Filter>
    <Filter Include="Data">
      <UniqueIdentifier>{a3cd365e-c6b9-4557-b5fa-3e0757885625}</UniqueIdentifier>
    </Filter>
    <Filter Include="Data\Edges">
      <UniqueIdentifier>{49435bc0-db3c-4527-9c59-438ccaa8ea83}</UniqueIdentifier>
    </Filter>
    <Filter Include="Data\Attractors">
      <UniqueIdentifier>{8adaac23-2552-4e7a-b7b4-a752fe103146}</UniqueIdentifier>
    </Filter>
    <Filter Include="Data\Nodes">
      <UniqueIdentifier>{6c2f20c7-ab14-4370-9702-76cfa2caa0ea}</UniqueIdentifier>
    </Filter>
    <Filter Include="Algorithms">
      <UniqueIdentifier>{5fcf4846-3435-442f-89ff-5c58fc226dad}</UniqueIdentifier>
    </Filter>
    <Filter Include="Threading">
      <UniqueIdentifier>{ca6ffccf-9c89-483c-9d8d-d7bcbe1bd541}</UniqueIdentifier>
    </Filter>
  </ItemGroup>
  <ItemGroup>
    <CudaCompile Include="ResetNodesG.cu">
      <Filter>CudaKernels</Filter>
    </CudaCompile>
    <CudaCompile Include="WavefrontPathFinding.cu">
      <Filter>CudaKernels</Filter>
    </CudaCompile>
    <CudaCompile Include="PathThickeningKernel.cu">
      <Filter>CudaKernels</Filter>
    </CudaCompile>
  </ItemGroup>
</Project>